
Microsoft Visual Studio Solution File, Format Version 12.00
# Visual Studio Version 16
VisualStudioVersion = 16.0.32407.337
MinimumVisualStudioVersion = 10.0.40219.1
Project("{D2ABAB84-BF74-430A-B69E-9DC6D40DDA17}") = "SSAS_VIDEO", "SSAS_VIDEO\SSAS_VIDEO.dwproj", "{8AA9E707-16B6-4E9A-91F8-5FEE0A52CAD0}"
EndProject
Global
	GlobalSection(SolutionConfigurationPlatforms) = preSolution
		Development|Default = Development|Default
	EndGlobalSection
	GlobalSection(ProjectConfigurationPlatforms) = postSolution
		{8AA9E707-16B6-4E9A-91F8-5FEE0A52CAD0}.Development|Default.ActiveCfg = Development
		{8AA9E707-16B6-4E9A-91F8-5FEE0A52CAD0}.Development|Default.Build.0 = Development
		{8AA9E707-16B6-4E9A-91F8-5FEE0A52CAD0}.Development|Default.Deploy.0 = Development
	EndGlobalSection
	GlobalSection(SolutionProperties) = preSolution
		HideSolutionNode = FALSE
	EndGlobalSection
	GlobalSection(ExtensibilityGlobals) = postSolution
		SolutionGuid = {D443AEAF-1E5F-4FD8-8F88-519E7CDDD9FA}
	EndGlobalSection
EndGlobal
