
Microsoft Visual Studio Solution File, Format Version 12.00
# Visual Studio Version 16
VisualStudioVersion = 16.0.32228.343
MinimumVisualStudioVersion = 10.0.40219.1
Project("{D2ABAB84-BF74-430A-B69E-9DC6D40DDA17}") = "SSAS_HB", "SSAS_HB\SSAS_HB.dwproj", "{0AE0C662-B233-43C7-B8A7-1C1729D262F0}"
EndProject
Global
	GlobalSection(SolutionConfigurationPlatforms) = preSolution
		Development|Default = Development|Default
	EndGlobalSection
	GlobalSection(ProjectConfigurationPlatforms) = postSolution
		{0AE0C662-B233-43C7-B8A7-1C1729D262F0}.Development|Default.ActiveCfg = Development
		{0AE0C662-B233-43C7-B8A7-1C1729D262F0}.Development|Default.Build.0 = Development
		{0AE0C662-B233-43C7-B8A7-1C1729D262F0}.Development|Default.Deploy.0 = Development
	EndGlobalSection
	GlobalSection(SolutionProperties) = preSolution
		HideSolutionNode = FALSE
	EndGlobalSection
	GlobalSection(ExtensibilityGlobals) = postSolution
		SolutionGuid = {94882EA5-6537-4A46-AAEA-2743681E8F94}
	EndGlobalSection
EndGlobal
