
Microsoft Visual Studio Solution File, Format Version 12.00
# Visual Studio 15
VisualStudioVersion = 15.0.28307.1831
MinimumVisualStudioVersion = 10.0.40219.1
Project("{159641D6-6404-4A2A-AE62-294DE0FE8301}") = "SSIS_PROJECT", "SSIS_PROJECT\SSIS_PROJECT.dtproj", "{80DBBDA6-12CC-4A55-B0EF-A00F892AB05F}"
EndProject
Global
	GlobalSection(SolutionConfigurationPlatforms) = preSolution
		Development|Default = Development|Default
	EndGlobalSection
	GlobalSection(ProjectConfigurationPlatforms) = postSolution
		{80DBBDA6-12CC-4A55-B0EF-A00F892AB05F}.Development|Default.ActiveCfg = Development
		{80DBBDA6-12CC-4A55-B0EF-A00F892AB05F}.Development|Default.Build.0 = Development
	EndGlobalSection
	GlobalSection(SolutionProperties) = preSolution
		HideSolutionNode = FALSE
	EndGlobalSection
	GlobalSection(ExtensibilityGlobals) = postSolution
		SolutionGuid = {545EEB19-7333-44F3-B740-D912538FED13}
	EndGlobalSection
EndGlobal
