
Microsoft Visual Studio Solution File, Format Version 12.00
# Visual Studio Version 16
VisualStudioVersion = 16.0.32228.343
MinimumVisualStudioVersion = 10.0.40219.1
Project("{D2ABAB84-BF74-430A-B69E-9DC6D40DDA17}") = "SSIS_HB", "SSIS_HB\SSIS_HB.dwproj", "{FA41DE29-DD59-40BC-BF7D-E0C7718B5CFE}"
EndProject
Global
	GlobalSection(SolutionConfigurationPlatforms) = preSolution
		Development|Default = Development|Default
	EndGlobalSection
	GlobalSection(ProjectConfigurationPlatforms) = postSolution
		{FA41DE29-DD59-40BC-BF7D-E0C7718B5CFE}.Development|Default.ActiveCfg = Development
		{FA41DE29-DD59-40BC-BF7D-E0C7718B5CFE}.Development|Default.Build.0 = Development
		{FA41DE29-DD59-40BC-BF7D-E0C7718B5CFE}.Development|Default.Deploy.0 = Development
	EndGlobalSection
	GlobalSection(SolutionProperties) = preSolution
		HideSolutionNode = FALSE
	EndGlobalSection
	GlobalSection(ExtensibilityGlobals) = postSolution
		SolutionGuid = {A861BCF9-77B8-4D5D-8F9F-306B057C987C}
	EndGlobalSection
EndGlobal
